
Microsoft Visual Studio Solution File, Format Version 12.00
# Visual Studio Version 17
VisualStudioVersion = 17.7.34221.43
MinimumVisualStudioVersion = 10.0.40219.1
Project("{FAE04EC0-301F-11D3-BF4B-00C04F79EFBC}") = "student_houses_app", "student_houses_app\student_houses_app.csproj", "{827571BA-1B9F-41C1-829E-83F9D68D7AA2}"
EndProject
Global
	GlobalSection(SolutionConfigurationPlatforms) = preSolution
		Debug|Any CPU = Debug|Any CPU
		Release|Any CPU = Release|Any CPU
	EndGlobalSection
	GlobalSection(ProjectConfigurationPlatforms) = postSolution
		{827571BA-1B9F-41C1-829E-83F9D68D7AA2}.Debug|Any CPU.ActiveCfg = Debug|Any CPU
		{827571BA-1B9F-41C1-829E-83F9D68D7AA2}.Debug|Any CPU.Build.0 = Debug|Any CPU
		{827571BA-1B9F-41C1-829E-83F9D68D7AA2}.Release|Any CPU.ActiveCfg = Release|Any CPU
		{827571BA-1B9F-41C1-829E-83F9D68D7AA2}.Release|Any CPU.Build.0 = Release|Any CPU
	EndGlobalSection
	GlobalSection(SolutionProperties) = preSolution
		HideSolutionNode = FALSE
	EndGlobalSection
	GlobalSection(ExtensibilityGlobals) = postSolution
		SolutionGuid = {C1CC3AEF-1FFA-455C-B764-C13F6AB700AD}
	EndGlobalSection
EndGlobal
